
Microsoft Visual Studio Solution File, Format Version 12.00
# Visual Studio Version 17
VisualStudioVersion = 17.11.35312.102
MinimumVisualStudioVersion = 10.0.40219.1
Project("{9A19103F-16F7-4668-BE54-9A1E7A4F7556}") = "MovieCollection.OpenMovieDatabase", "MovieCollection.OpenMovieDatabase\MovieCollection.OpenMovieDatabase.csproj", "{D12F497E-23EA-4BAE-958E-0FFD76D567B2}"
EndProject
Project("{9A19103F-16F7-4668-BE54-9A1E7A4F7556}") = "Demo", "Demo\Demo.csproj", "{B1F5E19E-F041-47BD-9C4E-726E5004A0FB}"
EndProject
Project("{2150E333-8FDC-42A3-9474-1A3956D46DE8}") = "Solution Items", "Solution Items", "{46BD0FDA-1A9B-488D-8EA5-D01BE0616F86}"
	ProjectSection(SolutionItems) = preProject
		.editorconfig = .editorconfig
		..\README.md = ..\README.md
	EndProjectSection
EndProject
Project("{FAE04EC0-301F-11D3-BF4B-00C04F79EFBC}") = "MovieCollection.OpenMovieDatabase.Tests", "MovieCollection.OpenMovieDatabase.Tests\MovieCollection.OpenMovieDatabase.Tests.csproj", "{61AFB0E4-D2C0-4D6D-B1B3-DF2C9C12B6AB}"
EndProject
Global
	GlobalSection(SolutionConfigurationPlatforms) = preSolution
		Debug|Any CPU = Debug|Any CPU
		Release|Any CPU = Release|Any CPU
	EndGlobalSection
	GlobalSection(ProjectConfigurationPlatforms) = postSolution
		{D12F497E-23EA-4BAE-958E-0FFD76D567B2}.Debug|Any CPU.ActiveCfg = Debug|Any CPU
		{D12F497E-23EA-4BAE-958E-0FFD76D567B2}.Debug|Any CPU.Build.0 = Debug|Any CPU
		{D12F497E-23EA-4BAE-958E-0FFD76D567B2}.Release|Any CPU.ActiveCfg = Release|Any CPU
		{D12F497E-23EA-4BAE-958E-0FFD76D567B2}.Release|Any CPU.Build.0 = Release|Any CPU
		{B1F5E19E-F041-47BD-9C4E-726E5004A0FB}.Debug|Any CPU.ActiveCfg = Debug|Any CPU
		{B1F5E19E-F041-47BD-9C4E-726E5004A0FB}.Debug|Any CPU.Build.0 = Debug|Any CPU
		{B1F5E19E-F041-47BD-9C4E-726E5004A0FB}.Release|Any CPU.ActiveCfg = Release|Any CPU
		{B1F5E19E-F041-47BD-9C4E-726E5004A0FB}.Release|Any CPU.Build.0 = Release|Any CPU
		{61AFB0E4-D2C0-4D6D-B1B3-DF2C9C12B6AB}.Debug|Any CPU.ActiveCfg = Debug|Any CPU
		{61AFB0E4-D2C0-4D6D-B1B3-DF2C9C12B6AB}.Debug|Any CPU.Build.0 = Debug|Any CPU
		{61AFB0E4-D2C0-4D6D-B1B3-DF2C9C12B6AB}.Release|Any CPU.ActiveCfg = Release|Any CPU
		{61AFB0E4-D2C0-4D6D-B1B3-DF2C9C12B6AB}.Release|Any CPU.Build.0 = Release|Any CPU
	EndGlobalSection
	GlobalSection(SolutionProperties) = preSolution
		HideSolutionNode = FALSE
	EndGlobalSection
	GlobalSection(ExtensibilityGlobals) = postSolution
		SolutionGuid = {91472861-D728-4E0C-AFE5-8EBC24F70B31}
	EndGlobalSection
EndGlobal
